
Microsoft Visual Studio Solution File, Format Version 12.00
# Visual Studio Version 17
VisualStudioVersion = 17.11.34909.67
MinimumVisualStudioVersion = 10.0.40219.1
Project("{2150E333-8FDC-42A3-9474-1A3956D46DE8}") = "src", "src", "{37C1A31B-F2BE-4123-BCE4-A31462E6C91D}"
EndProject
Project("{2150E333-8FDC-42A3-9474-1A3956D46DE8}") = "1 - Presentation", "1 - Presentation", "{75AE3489-8566-4290-A5DF-263DE9B48432}"
EndProject
Project("{2150E333-8FDC-42A3-9474-1A3956D46DE8}") = "2 - Application", "2 - Application", "{18F9EA7F-860D-4B9D-B73C-D7F3A58603D5}"
EndProject
Project("{2150E333-8FDC-42A3-9474-1A3956D46DE8}") = "3 - Domain", "3 - Domain", "{29E675BC-9F94-4570-B7E7-AE594336E918}"
EndProject
Project("{2150E333-8FDC-42A3-9474-1A3956D46DE8}") = "4 - Infrastructure", "4 - Infrastructure", "{1676AFE7-9FC5-497D-83FA-A3D810501605}"
EndProject
Project("{9A19103F-16F7-4668-BE54-9A1E7A4F7556}") = "RepairShop.Domain", "src\RepairShop.Domain\RepairShop.Domain.csproj", "{922D5A02-2303-48F8-9512-B98645E04F46}"
EndProject
Project("{9A19103F-16F7-4668-BE54-9A1E7A4F7556}") = "RepairShop.Infrastructure", "src\RepairShop.Infrastructure\RepairShop.Infrastructure.csproj", "{44B52F50-B027-40A5-AA3F-44D81131F68B}"
EndProject
Project("{2150E333-8FDC-42A3-9474-1A3956D46DE8}") = "test", "test", "{518D772E-6414-454C-9313-2AC128DBC0B3}"
EndProject
Project("{9A19103F-16F7-4668-BE54-9A1E7A4F7556}") = "RepairShopTest", "test\RepairShopTest\RepairShopTest.csproj", "{27DBD685-C803-4D2E-BAC1-0B24FFAB361A}"
EndProject
Project("{FAE04EC0-301F-11D3-BF4B-00C04F79EFBC}") = "RepairShop.Application", "src\RepairShop.Application\RepairShop.Application.csproj", "{13205581-904F-4141-A6FC-4903D6CF926E}"
EndProject
Global
	GlobalSection(SolutionConfigurationPlatforms) = preSolution
		Debug|Any CPU = Debug|Any CPU
		Release|Any CPU = Release|Any CPU
	EndGlobalSection
	GlobalSection(ProjectConfigurationPlatforms) = postSolution
		{922D5A02-2303-48F8-9512-B98645E04F46}.Debug|Any CPU.ActiveCfg = Debug|Any CPU
		{922D5A02-2303-48F8-9512-B98645E04F46}.Debug|Any CPU.Build.0 = Debug|Any CPU
		{922D5A02-2303-48F8-9512-B98645E04F46}.Release|Any CPU.ActiveCfg = Release|Any CPU
		{922D5A02-2303-48F8-9512-B98645E04F46}.Release|Any CPU.Build.0 = Release|Any CPU
		{44B52F50-B027-40A5-AA3F-44D81131F68B}.Debug|Any CPU.ActiveCfg = Debug|Any CPU
		{44B52F50-B027-40A5-AA3F-44D81131F68B}.Debug|Any CPU.Build.0 = Debug|Any CPU
		{44B52F50-B027-40A5-AA3F-44D81131F68B}.Release|Any CPU.ActiveCfg = Release|Any CPU
		{44B52F50-B027-40A5-AA3F-44D81131F68B}.Release|Any CPU.Build.0 = Release|Any CPU
		{27DBD685-C803-4D2E-BAC1-0B24FFAB361A}.Debug|Any CPU.ActiveCfg = Debug|Any CPU
		{27DBD685-C803-4D2E-BAC1-0B24FFAB361A}.Debug|Any CPU.Build.0 = Debug|Any CPU
		{27DBD685-C803-4D2E-BAC1-0B24FFAB361A}.Release|Any CPU.ActiveCfg = Release|Any CPU
		{27DBD685-C803-4D2E-BAC1-0B24FFAB361A}.Release|Any CPU.Build.0 = Release|Any CPU
		{13205581-904F-4141-A6FC-4903D6CF926E}.Debug|Any CPU.ActiveCfg = Debug|Any CPU
		{13205581-904F-4141-A6FC-4903D6CF926E}.Debug|Any CPU.Build.0 = Debug|Any CPU
		{13205581-904F-4141-A6FC-4903D6CF926E}.Release|Any CPU.ActiveCfg = Release|Any CPU
		{13205581-904F-4141-A6FC-4903D6CF926E}.Release|Any CPU.Build.0 = Release|Any CPU
	EndGlobalSection
	GlobalSection(SolutionProperties) = preSolution
		HideSolutionNode = FALSE
	EndGlobalSection
	GlobalSection(NestedProjects) = preSolution
		{75AE3489-8566-4290-A5DF-263DE9B48432} = {37C1A31B-F2BE-4123-BCE4-A31462E6C91D}
		{18F9EA7F-860D-4B9D-B73C-D7F3A58603D5} = {37C1A31B-F2BE-4123-BCE4-A31462E6C91D}
		{29E675BC-9F94-4570-B7E7-AE594336E918} = {37C1A31B-F2BE-4123-BCE4-A31462E6C91D}
		{1676AFE7-9FC5-497D-83FA-A3D810501605} = {37C1A31B-F2BE-4123-BCE4-A31462E6C91D}
		{922D5A02-2303-48F8-9512-B98645E04F46} = {29E675BC-9F94-4570-B7E7-AE594336E918}
		{44B52F50-B027-40A5-AA3F-44D81131F68B} = {1676AFE7-9FC5-497D-83FA-A3D810501605}
		{27DBD685-C803-4D2E-BAC1-0B24FFAB361A} = {518D772E-6414-454C-9313-2AC128DBC0B3}
		{13205581-904F-4141-A6FC-4903D6CF926E} = {18F9EA7F-860D-4B9D-B73C-D7F3A58603D5}
	EndGlobalSection
	GlobalSection(ExtensibilityGlobals) = postSolution
		SolutionGuid = {4FC7D65C-2FFE-4829-8FA9-999102B82EE7}
	EndGlobalSection
EndGlobal
